
Microsoft Visual Studio Solution File, Format Version 12.00
# Visual Studio 2012
Project("{FAE04EC0-301F-11D3-BF4B-00C04F79EFBC}") = "ApprovalTests.BetterPdfVerification", "ApprovalTests.BetterPdfVerification\ApprovalTests.BetterPdfVerification.csproj", "{05C18EBE-B0D5-4096-AB06-F2D5EA9180FF}"
EndProject
Project("{FAE04EC0-301F-11D3-BF4B-00C04F79EFBC}") = "ApprovalTests.BetterPdfVerification.Tests", "ApprovalTests.BetterPdfVerification.Tests\ApprovalTests.BetterPdfVerification.Tests.csproj", "{13A7C15A-CD62-4A16-981E-7BEDEC37631B}"
EndProject
Project("{2150E333-8FDC-42A3-9474-1A3956D46DE8}") = ".nuget", ".nuget", "{2C4FE1E9-5D17-448E-B520-D784E60A9995}"
	ProjectSection(SolutionItems) = preProject
		.nuget\NuGet.Config = .nuget\NuGet.Config
		.nuget\NuGet.exe = .nuget\NuGet.exe
		.nuget\NuGet.targets = .nuget\NuGet.targets
	EndProjectSection
EndProject
Global
	GlobalSection(SolutionConfigurationPlatforms) = preSolution
		Debug|Any CPU = Debug|Any CPU
		Release|Any CPU = Release|Any CPU
	EndGlobalSection
	GlobalSection(ProjectConfigurationPlatforms) = postSolution
		{05C18EBE-B0D5-4096-AB06-F2D5EA9180FF}.Debug|Any CPU.ActiveCfg = Debug|Any CPU
		{05C18EBE-B0D5-4096-AB06-F2D5EA9180FF}.Debug|Any CPU.Build.0 = Debug|Any CPU
		{05C18EBE-B0D5-4096-AB06-F2D5EA9180FF}.Release|Any CPU.ActiveCfg = Release|Any CPU
		{05C18EBE-B0D5-4096-AB06-F2D5EA9180FF}.Release|Any CPU.Build.0 = Release|Any CPU
		{13A7C15A-CD62-4A16-981E-7BEDEC37631B}.Debug|Any CPU.ActiveCfg = Debug|Any CPU
		{13A7C15A-CD62-4A16-981E-7BEDEC37631B}.Debug|Any CPU.Build.0 = Debug|Any CPU
		{13A7C15A-CD62-4A16-981E-7BEDEC37631B}.Release|Any CPU.ActiveCfg = Release|Any CPU
		{13A7C15A-CD62-4A16-981E-7BEDEC37631B}.Release|Any CPU.Build.0 = Release|Any CPU
	EndGlobalSection
	GlobalSection(SolutionProperties) = preSolution
		HideSolutionNode = FALSE
	EndGlobalSection
EndGlobal
